// !$*UTF8*$!
{
	archiveVersion = 1;
	classes = {
	};
	objectVersion = 55;
	objects = {

/* Begin PBXBuildFile section */
		167BE71C27DE4684009B20A2 /* AppDelegate.swift in Sources */ = {isa = PBXBuildFile; fileRef = 167BE71B27DE4684009B20A2 /* AppDelegate.swift */; };
		167BE71E27DE4684009B20A2 /* SceneDelegate.swift in Sources */ = {isa = PBXBuildFile; fileRef = 167BE71D27DE4684009B20A2 /* SceneDelegate.swift */; };
		167BE72527DE4686009B20A2 /* Assets.xcassets in Resources */ = {isa = PBXBuildFile; fileRef = 167BE72427DE4686009B20A2 /* Assets.xcassets */; };
		167BE72827DE4686009B20A2 /* LaunchScreen.storyboard in Resources */ = {isa = PBXBuildFile; fileRef = 167BE72627DE4686009B20A2 /* LaunchScreen.storyboard */; };
		167BE73027DE4B31009B20A2 /* CameraViewController.swift in Sources */ = {isa = PBXBuildFile; fileRef = 167BE72F27DE4B31009B20A2 /* CameraViewController.swift */; };
		167BE73227DE5042009B20A2 /* PopoverTableViewController.swift in Sources */ = {isa = PBXBuildFile; fileRef = 167BE73127DE5042009B20A2 /* PopoverTableViewController.swift */; };
		167BE73727DE85BD009B20A2 /* PopoverTableViewCell.swift in Sources */ = {isa = PBXBuildFile; fileRef = 167BE73627DE85BD009B20A2 /* PopoverTableViewCell.swift */; };
		167BE73927DE9C9F009B20A2 /* UIcolorExtension.swift in Sources */ = {isa = PBXBuildFile; fileRef = 167BE73827DE9C9F009B20A2 /* UIcolorExtension.swift */; };
		167BE73B27DEA304009B20A2 /* QRCodeView.swift in Sources */ = {isa = PBXBuildFile; fileRef = 167BE73A27DEA304009B20A2 /* QRCodeView.swift */; };
/* End PBXBuildFile section */

/* Begin PBXFileReference section */
		167BE71827DE4684009B20A2 /* SparrowQRScaner.app */ = {isa = PBXFileReference; explicitFileType = wrapper.application; includeInIndex = 0; path = SparrowQRScaner.app; sourceTree = BUILT_PRODUCTS_DIR; };
		167BE71B27DE4684009B20A2 /* AppDelegate.swift */ = {isa = PBXFileReference; lastKnownFileType = sourcecode.swift; path = AppDelegate.swift; sourceTree = "<group>"; };
		167BE71D27DE4684009B20A2 /* SceneDelegate.swift */ = {isa = PBXFileReference; lastKnownFileType = sourcecode.swift; path = SceneDelegate.swift; sourceTree = "<group>"; };
		167BE72427DE4686009B20A2 /* Assets.xcassets */ = {isa = PBXFileReference; lastKnownFileType = folder.assetcatalog; path = Assets.xcassets; sourceTree = "<group>"; };
		167BE72727DE4686009B20A2 /* Base */ = {isa = PBXFileReference; lastKnownFileType = file.storyboard; name = Base; path = Base.lproj/LaunchScreen.storyboard; sourceTree = "<group>"; };
		167BE72927DE4686009B20A2 /* Info.plist */ = {isa = PBXFileReference; lastKnownFileType = text.plist.xml; path = Info.plist; sourceTree = "<group>"; };
		167BE72F27DE4B31009B20A2 /* CameraViewController.swift */ = {isa = PBXFileReference; lastKnownFileType = sourcecode.swift; path = CameraViewController.swift; sourceTree = "<group>"; };
		167BE73127DE5042009B20A2 /* PopoverTableViewController.swift */ = {isa = PBXFileReference; lastKnownFileType = sourcecode.swift; path = PopoverTableViewController.swift; sourceTree = "<group>"; };
		167BE73627DE85BD009B20A2 /* PopoverTableViewCell.swift */ = {isa = PBXFileReference; lastKnownFileType = sourcecode.swift; path = PopoverTableViewCell.swift; sourceTree = "<group>"; };
		167BE73827DE9C9F009B20A2 /* UIcolorExtension.swift */ = {isa = PBXFileReference; lastKnownFileType = sourcecode.swift; path = UIcolorExtension.swift; sourceTree = "<group>"; };
		167BE73A27DEA304009B20A2 /* QRCodeView.swift */ = {isa = PBXFileReference; lastKnownFileType = sourcecode.swift; path = QRCodeView.swift; sourceTree = "<group>"; };
/* End PBXFileReference section */

/* Begin PBXFrameworksBuildPhase section */
		167BE71527DE4684009B20A2 /* Frameworks */ = {
			isa = PBXFrameworksBuildPhase;
			buildActionMask = 2147483647;
			files = (
			);
			runOnlyForDeploymentPostprocessing = 0;
		};
/* End PBXFrameworksBuildPhase section */

/* Begin PBXGroup section */
		167BE70F27DE4684009B20A2 = {
			isa = PBXGroup;
			children = (
				167BE71A27DE4684009B20A2 /* SparrowQRScaner */,
				167BE71927DE4684009B20A2 /* Products */,
			);
			sourceTree = "<group>";
		};
		167BE71927DE4684009B20A2 /* Products */ = {
			isa = PBXGroup;
			children = (
				167BE71827DE4684009B20A2 /* SparrowQRScaner.app */,
			);
			name = Products;
			sourceTree = "<group>";
		};
		167BE71A27DE4684009B20A2 /* SparrowQRScaner */ = {
			isa = PBXGroup;
			children = (
				167BE74127E103EA009B20A2 /* Extensions */,
				167BE74027E103D6009B20A2 /* ViewControllers */,
				167BE71B27DE4684009B20A2 /* AppDelegate.swift */,
				167BE71D27DE4684009B20A2 /* SceneDelegate.swift */,
				167BE72427DE4686009B20A2 /* Assets.xcassets */,
				167BE72627DE4686009B20A2 /* LaunchScreen.storyboard */,
				167BE72927DE4686009B20A2 /* Info.plist */,
			);
			path = SparrowQRScaner;
			sourceTree = "<group>";
		};
		167BE73327DE8572009B20A2 /* PopoverTableViewCell */ = {
			isa = PBXGroup;
			children = (
				167BE73627DE85BD009B20A2 /* PopoverTableViewCell.swift */,
			);
			path = PopoverTableViewCell;
			sourceTree = "<group>";
		};
		167BE74027E103D6009B20A2 /* ViewControllers */ = {
			isa = PBXGroup;
			children = (
				167BE74427E10454009B20A2 /* CameraViewController */,
				167BE74327E1042A009B20A2 /* PopoverTableViewController */,
			);
			path = ViewControllers;
			sourceTree = "<group>";
		};
		167BE74127E103EA009B20A2 /* Extensions */ = {
			isa = PBXGroup;
			children = (
				167BE73827DE9C9F009B20A2 /* UIcolorExtension.swift */,
			);
			path = Extensions;
			sourceTree = "<group>";
		};
		167BE74327E1042A009B20A2 /* PopoverTableViewController */ = {
			isa = PBXGroup;
			children = (
				167BE73327DE8572009B20A2 /* PopoverTableViewCell */,
				167BE73127DE5042009B20A2 /* PopoverTableViewController.swift */,
			);
			path = PopoverTableViewController;
			sourceTree = "<group>";
		};
		167BE74427E10454009B20A2 /* CameraViewController */ = {
			isa = PBXGroup;
			children = (
				167BE73A27DEA304009B20A2 /* QRCodeView.swift */,
				167BE72F27DE4B31009B20A2 /* CameraViewController.swift */,
			);
			path = CameraViewController;
			sourceTree = "<group>";
		};
/* End PBXGroup section */

/* Begin PBXNativeTarget section */
		167BE71727DE4684009B20A2 /* SparrowQRScaner */ = {
			isa = PBXNativeTarget;
			buildConfigurationList = 167BE72C27DE4686009B20A2 /* Build configuration list for PBXNativeTarget "SparrowQRScaner" */;
			buildPhases = (
				167BE71427DE4684009B20A2 /* Sources */,
				167BE71527DE4684009B20A2 /* Frameworks */,
				167BE71627DE4684009B20A2 /* Resources */,
			);
			buildRules = (
			);
			dependencies = (
			);
			name = SparrowQRScaner;
			productName = SparrowQRScaner;
			productReference = 167BE71827DE4684009B20A2 /* SparrowQRScaner.app */;
			productType = "com.apple.product-type.application";
		};
/* End PBXNativeTarget section */

/* Begin PBXProject section */
		167BE71027DE4684009B20A2 /* Project object */ = {
			isa = PBXProject;
			attributes = {
				BuildIndependentTargetsInParallel = 1;
				LastSwiftUpdateCheck = 1320;
				LastUpgradeCheck = 1320;
				TargetAttributes = {
					167BE71727DE4684009B20A2 = {
						CreatedOnToolsVersion = 13.2.1;
					};
				};
			};
			buildConfigurationList = 167BE71327DE4684009B20A2 /* Build configuration list for PBXProject "SparrowQRScaner" */;
			compatibilityVersion = "Xcode 13.0";
			developmentRegion = en;
			hasScannedForEncodings = 0;
			knownRegions = (
				en,
				Base,
			);
			mainGroup = 167BE70F27DE4684009B20A2;
			productRefGroup = 167BE71927DE4684009B20A2 /* Products */;
			projectDirPath = "";
			projectRoot = "";
			targets = (
				167BE71727DE4684009B20A2 /* SparrowQRScaner */,
			);
		};
/* End PBXProject section */

/* Begin PBXResourcesBuildPhase section */
		167BE71627DE4684009B20A2 /* Resources */ = {
			isa = PBXResourcesBuildPhase;
			buildActionMask = 2147483647;
			files = (
				167BE72827DE4686009B20A2 /* LaunchScreen.storyboard in Resources */,
				167BE72527DE4686009B20A2 /* Assets.xcassets in Resources */,
			);
			runOnlyForDeploymentPostprocessing = 0;
		};
/* End PBXResourcesBuildPhase section */

/* Begin PBXSourcesBuildPhase section */
		167BE71427DE4684009B20A2 /* Sources */ = {
			isa = PBXSourcesBuildPhase;
			buildActionMask = 2147483647;
			files = (
				167BE73227DE5042009B20A2 /* PopoverTableViewController.swift in Sources */,
				167BE73927DE9C9F009B20A2 /* UIcolorExtension.swift in Sources */,
				167BE73027DE4B31009B20A2 /* CameraViewController.swift in Sources */,
				167BE73B27DEA304009B20A2 /* QRCodeView.swift in Sources */,
				167BE73727DE85BD009B20A2 /* PopoverTableViewCell.swift in Sources */,
				167BE71C27DE4684009B20A2 /* AppDelegate.swift in Sources */,
				167BE71E27DE4684009B20A2 /* SceneDelegate.swift in Sources */,
			);
			runOnlyForDeploymentPostprocessing = 0;
		};
/* End PBXSourcesBuildPhase section */

/* Begin PBXVariantGroup section */
		167BE72627DE4686009B20A2 /* LaunchScreen.storyboard */ = {
			isa = PBXVariantGroup;
			children = (
				167BE72727DE4686009B20A2 /* Base */,
			);
			name = LaunchScreen.storyboard;
			sourceTree = "<group>";
		};
/* End PBXVariantGroup section */

/* Begin XCBuildConfiguration section */
		167BE72A27DE4686009B20A2 /* Debug */ = {
			isa = XCBuildConfiguration;
			buildSettings = {
				ALWAYS_SEARCH_USER_PATHS = NO;
				CLANG_ANALYZER_NONNULL = YES;
				CLANG_ANALYZER_NUMBER_OBJECT_CONVERSION = YES_AGGRESSIVE;
				CLANG_CXX_LANGUAGE_STANDARD = "gnu++17";
				CLANG_CXX_LIBRARY = "libc++";
				CLANG_ENABLE_MODULES = YES;
				CLANG_ENABLE_OBJC_ARC = YES;
				CLANG_ENABLE_OBJC_WEAK = YES;
				CLANG_WARN_BLOCK_CAPTURE_AUTORELEASING = YES;
				CLANG_WARN_BOOL_CONVERSION = YES;
				CLANG_WARN_COMMA = YES;
				CLANG_WARN_CONSTANT_CONVERSION = YES;
				CLANG_WARN_DEPRECATED_OBJC_IMPLEMENTATIONS = YES;
				CLANG_WARN_DIRECT_OBJC_ISA_USAGE = YES_ERROR;
				CLANG_WARN_DOCUMENTATION_COMMENTS = YES;
				CLANG_WARN_EMPTY_BODY = YES;
				CLANG_WARN_ENUM_CONVERSION = YES;
				CLANG_WARN_INFINITE_RECURSION = YES;
				CLANG_WARN_INT_CONVERSION = YES;
				CLANG_WARN_NON_LITERAL_NULL_CONVERSION = YES;
				CLANG_WARN_OBJC_IMPLICIT_RETAIN_SELF = YES;
				CLANG_WARN_OBJC_LITERAL_CONVERSION = YES;
				CLANG_WARN_OBJC_ROOT_CLASS = YES_ERROR;
				CLANG_WARN_QUOTED_INCLUDE_IN_FRAMEWORK_HEADER = YES;
				CLANG_WARN_RANGE_LOOP_ANALYSIS = YES;
				CLANG_WARN_STRICT_PROTOTYPES = YES;
				CLANG_WARN_SUSPICIOUS_MOVE = YES;
				CLANG_WARN_UNGUARDED_AVAILABILITY = YES_AGGRESSIVE;
				CLANG_WARN_UNREACHABLE_CODE = YES;
				CLANG_WARN__DUPLICATE_METHOD_MATCH = YES;
				COPY_PHASE_STRIP = NO;
				DEBUG_INFORMATION_FORMAT = dwarf;
				ENABLE_STRICT_OBJC_MSGSEND = YES;
				ENABLE_TESTABILITY = YES;
				GCC_C_LANGUAGE_STANDARD = gnu11;
				GCC_DYNAMIC_NO_PIC = NO;
				GCC_NO_COMMON_BLOCKS = YES;
				GCC_OPTIMIZATION_LEVEL = 0;
				GCC_PREPROCESSOR_DEFINITIONS = (
					"DEBUG=1",
					"$(inherited)",
				);
				GCC_WARN_64_TO_32_BIT_CONVERSION = YES;
				GCC_WARN_ABOUT_RETURN_TYPE = YES_ERROR;
				GCC_WARN_UNDECLARED_SELECTOR = YES;
				GCC_WARN_UNINITIALIZED_AUTOS = YES_AGGRESSIVE;
				GCC_WARN_UNUSED_FUNCTION = YES;
				GCC_WARN_UNUSED_VARIABLE = YES;
				IPHONEOS_DEPLOYMENT_TARGET = 15.2;
				MTL_ENABLE_DEBUG_INFO = INCLUDE_SOURCE;
				MTL_FAST_MATH = YES;
				ONLY_ACTIVE_ARCH = YES;
				SDKROOT = iphoneos;
				SWIFT_ACTIVE_COMPILATION_CONDITIONS = DEBUG;
				SWIFT_OPTIMIZATION_LEVEL = "-Onone";
			};
			name = Debug;
		};
		167BE72B27DE4686009B20A2 /* Release */ = {
			isa = XCBuildConfiguration;
			buildSettings = {
				ALWAYS_SEARCH_USER_PATHS = NO;
				CLANG_ANALYZER_NONNULL = YES;
				CLANG_ANALYZER_NUMBER_OBJECT_CONVERSION = YES_AGGRESSIVE;
				CLANG_CXX_LANGUAGE_STANDARD = "gnu++17";
				CLANG_CXX_LIBRARY = "libc++";
				CLANG_ENABLE_MODULES = YES;
				CLANG_ENABLE_OBJC_ARC = YES;
				CLANG_ENABLE_OBJC_WEAK = YES;
				CLANG_WARN_BLOCK_CAPTURE_AUTORELEASING = YES;
				CLANG_WARN_BOOL_CONVERSION = YES;
				CLANG_WARN_COMMA = YES;
				CLANG_WARN_CONSTANT_CONVERSION = YES;
				CLANG_WARN_DEPRECATED_OBJC_IMPLEMENTATIONS = YES;
				CLANG_WARN_DIRECT_OBJC_ISA_USAGE = YES_ERROR;
				CLANG_WARN_DOCUMENTATION_COMMENTS = YES;
				CLANG_WARN_EMPTY_BODY = YES;
				CLANG_WARN_ENUM_CONVERSION = YES;
				CLANG_WARN_INFINITE_RECURSION = YES;
				CLANG_WARN_INT_CONVERSION = YES;
				CLANG_WARN_NON_LITERAL_NULL_CONVERSION = YES;
				CLANG_WARN_OBJC_IMPLICIT_RETAIN_SELF = YES;
				CLANG_WARN_OBJC_LITERAL_CONVERSION = YES;
				CLANG_WARN_OBJC_ROOT_CLASS = YES_ERROR;
				CLANG_WARN_QUOTED_INCLUDE_IN_FRAMEWORK_HEADER = YES;
				CLANG_WARN_RANGE_LOOP_ANALYSIS = YES;
				CLANG_WARN_STRICT_PROTOTYPES = YES;
				CLANG_WARN_SUSPICIOUS_MOVE = YES;
				CLANG_WARN_UNGUARDED_AVAILABILITY = YES_AGGRESSIVE;
				CLANG_WARN_UNREACHABLE_CODE = YES;
				CLANG_WARN__DUPLICATE_METHOD_MATCH = YES;
				COPY_PHASE_STRIP = NO;
				DEBUG_INFORMATION_FORMAT = "dwarf-with-dsym";
				ENABLE_NS_ASSERTIONS = NO;
				ENABLE_STRICT_OBJC_MSGSEND = YES;
				GCC_C_LANGUAGE_STANDARD = gnu11;
				GCC_NO_COMMON_BLOCKS = YES;
				GCC_WARN_64_TO_32_BIT_CONVERSION = YES;
				GCC_WARN_ABOUT_RETURN_TYPE = YES_ERROR;
				GCC_WARN_UNDECLARED_SELECTOR = YES;
				GCC_WARN_UNINITIALIZED_AUTOS = YES_AGGRESSIVE;
				GCC_WARN_UNUSED_FUNCTION = YES;
				GCC_WARN_UNUSED_VARIABLE = YES;
				IPHONEOS_DEPLOYMENT_TARGET = 15.2;
				MTL_ENABLE_DEBUG_INFO = NO;
				MTL_FAST_MATH = YES;
				SDKROOT = iphoneos;
				SWIFT_COMPILATION_MODE = wholemodule;
				SWIFT_OPTIMIZATION_LEVEL = "-O";
				VALIDATE_PRODUCT = YES;
			};
			name = Release;
		};
		167BE72D27DE4686009B20A2 /* Debug */ = {
			isa = XCBuildConfiguration;
			buildSettings = {
				ASSETCATALOG_COMPILER_APPICON_NAME = AppIcon;
				ASSETCATALOG_COMPILER_GLOBAL_ACCENT_COLOR_NAME = AccentColor;
				CODE_SIGN_STYLE = Automatic;
				CURRENT_PROJECT_VERSION = 1;
				DEVELOPMENT_TEAM = 97WCP8NGSS;
				GENERATE_INFOPLIST_FILE = YES;
				INFOPLIST_FILE = SparrowQRScaner/Info.plist;
				INFOPLIST_KEY_NSCameraUsageDescription = "Need camera access to scan qr code";
				INFOPLIST_KEY_UIApplicationSupportsIndirectInputEvents = YES;
				INFOPLIST_KEY_UILaunchStoryboardName = LaunchScreen;
				INFOPLIST_KEY_UISupportedInterfaceOrientations = UIInterfaceOrientationPortrait;
				INFOPLIST_KEY_UISupportedInterfaceOrientations_iPad = "UIInterfaceOrientationPortrait UIInterfaceOrientationPortraitUpsideDown UIInterfaceOrientationLandscapeLeft UIInterfaceOrientationLandscapeRight";
				INFOPLIST_KEY_UISupportedInterfaceOrientations_iPhone = "UIInterfaceOrientationPortrait UIInterfaceOrientationLandscapeLeft UIInterfaceOrientationLandscapeRight";
				IPHONEOS_DEPLOYMENT_TARGET = 14.7;
				LD_RUNPATH_SEARCH_PATHS = (
					"$(inherited)",
					"@executable_path/Frameworks",
				);
				MARKETING_VERSION = 1.0;
				PRODUCT_BUNDLE_IDENTIFIER = com.AndNasPlay.SparrowQRScaner;
				PRODUCT_NAME = "$(TARGET_NAME)";
				SWIFT_EMIT_LOC_STRINGS = YES;
				SWIFT_VERSION = 5.0;
				TARGETED_DEVICE_FAMILY = 1;
			};
			name = Debug;
		};
		167BE72E27DE4686009B20A2 /* Release */ = {
			isa = XCBuildConfiguration;
			buildSettings = {
				ASSETCATALOG_COMPILER_APPICON_NAME = AppIcon;
				ASSETCATALOG_COMPILER_GLOBAL_ACCENT_COLOR_NAME = AccentColor;
				CODE_SIGN_STYLE = Automatic;
				CURRENT_PROJECT_VERSION = 1;
				DEVELOPMENT_TEAM = 97WCP8NGSS;
				GENERATE_INFOPLIST_FILE = YES;
				INFOPLIST_FILE = SparrowQRScaner/Info.plist;
				INFOPLIST_KEY_NSCameraUsageDescription = "Need camera access to scan qr code";
				INFOPLIST_KEY_UIApplicationSupportsIndirectInputEvents = YES;
				INFOPLIST_KEY_UILaunchStoryboardName = LaunchScreen;
				INFOPLIST_KEY_UISupportedInterfaceOrientations = UIInterfaceOrientationPortrait;
				INFOPLIST_KEY_UISupportedInterfaceOrientations_iPad = "UIInterfaceOrientationPortrait UIInterfaceOrientationPortraitUpsideDown UIInterfaceOrientationLandscapeLeft UIInterfaceOrientationLandscapeRight";
				INFOPLIST_KEY_UISupportedInterfaceOrientations_iPhone = "UIInterfaceOrientationPortrait UIInterfaceOrientationLandscapeLeft UIInterfaceOrientationLandscapeRight";
				IPHONEOS_DEPLOYMENT_TARGET = 14.7;
				LD_RUNPATH_SEARCH_PATHS = (
					"$(inherited)",
					"@executable_path/Frameworks",
				);
				MARKETING_VERSION = 1.0;
				PRODUCT_BUNDLE_IDENTIFIER = com.AndNasPlay.SparrowQRScaner;
				PRODUCT_NAME = "$(TARGET_NAME)";
				SWIFT_EMIT_LOC_STRINGS = YES;
				SWIFT_VERSION = 5.0;
				TARGETED_DEVICE_FAMILY = 1;
			};
			name = Release;
		};
/* End XCBuildConfiguration section */

/* Begin XCConfigurationList section */
		167BE71327DE4684009B20A2 /* Build configuration list for PBXProject "SparrowQRScaner" */ = {
			isa = XCConfigurationList;
			buildConfigurations = (
				167BE72A27DE4686009B20A2 /* Debug */,
				167BE72B27DE4686009B20A2 /* Release */,
			);
			defaultConfigurationIsVisible = 0;
			defaultConfigurationName = Release;
		};
		167BE72C27DE4686009B20A2 /* Build configuration list for PBXNativeTarget "SparrowQRScaner" */ = {
			isa = XCConfigurationList;
			buildConfigurations = (
				167BE72D27DE4686009B20A2 /* Debug */,
				167BE72E27DE4686009B20A2 /* Release */,
			);
			defaultConfigurationIsVisible = 0;
			defaultConfigurationName = Release;
		};
/* End XCConfigurationList section */
	};
	rootObject = 167BE71027DE4684009B20A2 /* Project object */;
}
